
Microsoft Visual Studio Solution File, Format Version 12.00
# Visual Studio Version 17
VisualStudioVersion = 17.9.34728.123
MinimumVisualStudioVersion = 10.0.40219.1
Project("{9A19103F-16F7-4668-BE54-9A1E7A4F7556}") = "BE-Fan-Fusion", "BE-Fan-Fusion.csproj", "{9D654D79-10EC-4D0D-A32B-8260AD71499B}"
EndProject
Project("{FAE04EC0-301F-11D3-BF4B-00C04F79EFBC}") = "BE-Fan-FusionTests", "..\BE-Fan-FusionTests\BE-Fan-FusionTests.csproj", "{7408D545-7C3D-405A-AF62-B9F3D2B18D22}"
EndProject
Global
	GlobalSection(SolutionConfigurationPlatforms) = preSolution
		Debug|Any CPU = Debug|Any CPU
		Release|Any CPU = Release|Any CPU
	EndGlobalSection
	GlobalSection(ProjectConfigurationPlatforms) = postSolution
		{9D654D79-10EC-4D0D-A32B-8260AD71499B}.Debug|Any CPU.ActiveCfg = Debug|Any CPU
		{9D654D79-10EC-4D0D-A32B-8260AD71499B}.Debug|Any CPU.Build.0 = Debug|Any CPU
		{9D654D79-10EC-4D0D-A32B-8260AD71499B}.Release|Any CPU.ActiveCfg = Release|Any CPU
		{9D654D79-10EC-4D0D-A32B-8260AD71499B}.Release|Any CPU.Build.0 = Release|Any CPU
		{7408D545-7C3D-405A-AF62-B9F3D2B18D22}.Debug|Any CPU.ActiveCfg = Debug|Any CPU
		{7408D545-7C3D-405A-AF62-B9F3D2B18D22}.Debug|Any CPU.Build.0 = Debug|Any CPU
		{7408D545-7C3D-405A-AF62-B9F3D2B18D22}.Release|Any CPU.ActiveCfg = Release|Any CPU
		{7408D545-7C3D-405A-AF62-B9F3D2B18D22}.Release|Any CPU.Build.0 = Release|Any CPU
	EndGlobalSection
	GlobalSection(SolutionProperties) = preSolution
		HideSolutionNode = FALSE
	EndGlobalSection
	GlobalSection(ExtensibilityGlobals) = postSolution
		SolutionGuid = {B46C84DE-DED7-458E-BA4E-75491D1D5DD2}
	EndGlobalSection
EndGlobal
